
Microsoft Visual Studio Solution File, Format Version 12.00
# Visual Studio Version 17
VisualStudioVersion = 17.7.34031.279
MinimumVisualStudioVersion = 10.0.40219.1
Project("{FAE04EC0-301F-11D3-BF4B-00C04F79EFBC}") = "Task1", "Task1\Task1.csproj", "{74E99D5C-A56D-43BC-8CF7-6304C1AB5CB9}"
EndProject
Project("{FAE04EC0-301F-11D3-BF4B-00C04F79EFBC}") = "Task2", "Task2\Task2.csproj", "{F9C9EAA1-8DF9-4D18-B8AF-5F7889ABB0AA}"
EndProject
Project("{FAE04EC0-301F-11D3-BF4B-00C04F79EFBC}") = "Task3", "Task3\Task3.csproj", "{6B821712-FBD0-4054-8C62-3B6A34D44B32}"
EndProject
Project("{FAE04EC0-301F-11D3-BF4B-00C04F79EFBC}") = "Task4", "Task4\Task4.csproj", "{92141016-A65A-4D17-A5B5-923A16D60B8F}"
EndProject
Global
	GlobalSection(SolutionConfigurationPlatforms) = preSolution
		Debug|Any CPU = Debug|Any CPU
		Release|Any CPU = Release|Any CPU
	EndGlobalSection
	GlobalSection(ProjectConfigurationPlatforms) = postSolution
		{74E99D5C-A56D-43BC-8CF7-6304C1AB5CB9}.Debug|Any CPU.ActiveCfg = Debug|Any CPU
		{74E99D5C-A56D-43BC-8CF7-6304C1AB5CB9}.Debug|Any CPU.Build.0 = Debug|Any CPU
		{74E99D5C-A56D-43BC-8CF7-6304C1AB5CB9}.Release|Any CPU.ActiveCfg = Release|Any CPU
		{74E99D5C-A56D-43BC-8CF7-6304C1AB5CB9}.Release|Any CPU.Build.0 = Release|Any CPU
		{F9C9EAA1-8DF9-4D18-B8AF-5F7889ABB0AA}.Debug|Any CPU.ActiveCfg = Debug|Any CPU
		{F9C9EAA1-8DF9-4D18-B8AF-5F7889ABB0AA}.Debug|Any CPU.Build.0 = Debug|Any CPU
		{F9C9EAA1-8DF9-4D18-B8AF-5F7889ABB0AA}.Release|Any CPU.ActiveCfg = Release|Any CPU
		{F9C9EAA1-8DF9-4D18-B8AF-5F7889ABB0AA}.Release|Any CPU.Build.0 = Release|Any CPU
		{6B821712-FBD0-4054-8C62-3B6A34D44B32}.Debug|Any CPU.ActiveCfg = Debug|Any CPU
		{6B821712-FBD0-4054-8C62-3B6A34D44B32}.Debug|Any CPU.Build.0 = Debug|Any CPU
		{6B821712-FBD0-4054-8C62-3B6A34D44B32}.Release|Any CPU.ActiveCfg = Release|Any CPU
		{6B821712-FBD0-4054-8C62-3B6A34D44B32}.Release|Any CPU.Build.0 = Release|Any CPU
		{92141016-A65A-4D17-A5B5-923A16D60B8F}.Debug|Any CPU.ActiveCfg = Debug|Any CPU
		{92141016-A65A-4D17-A5B5-923A16D60B8F}.Debug|Any CPU.Build.0 = Debug|Any CPU
		{92141016-A65A-4D17-A5B5-923A16D60B8F}.Release|Any CPU.ActiveCfg = Release|Any CPU
		{92141016-A65A-4D17-A5B5-923A16D60B8F}.Release|Any CPU.Build.0 = Release|Any CPU
	EndGlobalSection
	GlobalSection(SolutionProperties) = preSolution
		HideSolutionNode = FALSE
	EndGlobalSection
	GlobalSection(ExtensibilityGlobals) = postSolution
		SolutionGuid = {EEF79770-524E-4CFC-BFCE-DBBD4E14A94B}
	EndGlobalSection
EndGlobal
